
Microsoft Visual Studio Solution File, Format Version 12.00
# Visual Studio Version 17
VisualStudioVersion = 17.0.31903.59
MinimumVisualStudioVersion = 10.0.40219.1
Project("{FAE04EC0-301F-11D3-BF4B-00C04F79EFBC}") = "WebApi", "WebApi\WebApi.csproj", "{D0F85886-0518-4FAD-97FE-C4CEFC8CC494}"
EndProject
Project("{FAE04EC0-301F-11D3-BF4B-00C04F79EFBC}") = "BlazorServer", "BlazorServer\BlazorServer.csproj", "{873BDEFB-48B6-4260-AF31-B9E02B9F1901}"
EndProject
Project("{FAE04EC0-301F-11D3-BF4B-00C04F79EFBC}") = "Shared", "Shared\Shared.csproj", "{16F12B4F-DAA5-4B7F-A0FB-A3A923B211E3}"
EndProject
Global
	GlobalSection(SolutionConfigurationPlatforms) = preSolution
		Debug|Any CPU = Debug|Any CPU
		Debug|x64 = Debug|x64
		Debug|x86 = Debug|x86
		Release|Any CPU = Release|Any CPU
		Release|x64 = Release|x64
		Release|x86 = Release|x86
	EndGlobalSection
	GlobalSection(ProjectConfigurationPlatforms) = postSolution
		{D0F85886-0518-4FAD-97FE-C4CEFC8CC494}.Debug|Any CPU.ActiveCfg = Debug|Any CPU
		{D0F85886-0518-4FAD-97FE-C4CEFC8CC494}.Debug|Any CPU.Build.0 = Debug|Any CPU
		{D0F85886-0518-4FAD-97FE-C4CEFC8CC494}.Debug|x64.ActiveCfg = Debug|Any CPU
		{D0F85886-0518-4FAD-97FE-C4CEFC8CC494}.Debug|x64.Build.0 = Debug|Any CPU
		{D0F85886-0518-4FAD-97FE-C4CEFC8CC494}.Debug|x86.ActiveCfg = Debug|Any CPU
		{D0F85886-0518-4FAD-97FE-C4CEFC8CC494}.Debug|x86.Build.0 = Debug|Any CPU
		{D0F85886-0518-4FAD-97FE-C4CEFC8CC494}.Release|Any CPU.ActiveCfg = Release|Any CPU
		{D0F85886-0518-4FAD-97FE-C4CEFC8CC494}.Release|Any CPU.Build.0 = Release|Any CPU
		{D0F85886-0518-4FAD-97FE-C4CEFC8CC494}.Release|x64.ActiveCfg = Release|Any CPU
		{D0F85886-0518-4FAD-97FE-C4CEFC8CC494}.Release|x64.Build.0 = Release|Any CPU
		{D0F85886-0518-4FAD-97FE-C4CEFC8CC494}.Release|x86.ActiveCfg = Release|Any CPU
		{D0F85886-0518-4FAD-97FE-C4CEFC8CC494}.Release|x86.Build.0 = Release|Any CPU
		{873BDEFB-48B6-4260-AF31-B9E02B9F1901}.Debug|Any CPU.ActiveCfg = Debug|Any CPU
		{873BDEFB-48B6-4260-AF31-B9E02B9F1901}.Debug|Any CPU.Build.0 = Debug|Any CPU
		{873BDEFB-48B6-4260-AF31-B9E02B9F1901}.Debug|x64.ActiveCfg = Debug|Any CPU
		{873BDEFB-48B6-4260-AF31-B9E02B9F1901}.Debug|x64.Build.0 = Debug|Any CPU
		{873BDEFB-48B6-4260-AF31-B9E02B9F1901}.Debug|x86.ActiveCfg = Debug|Any CPU
		{873BDEFB-48B6-4260-AF31-B9E02B9F1901}.Debug|x86.Build.0 = Debug|Any CPU
		{873BDEFB-48B6-4260-AF31-B9E02B9F1901}.Release|Any CPU.ActiveCfg = Release|Any CPU
		{873BDEFB-48B6-4260-AF31-B9E02B9F1901}.Release|Any CPU.Build.0 = Release|Any CPU
		{873BDEFB-48B6-4260-AF31-B9E02B9F1901}.Release|x64.ActiveCfg = Release|Any CPU
		{873BDEFB-48B6-4260-AF31-B9E02B9F1901}.Release|x64.Build.0 = Release|Any CPU
		{873BDEFB-48B6-4260-AF31-B9E02B9F1901}.Release|x86.ActiveCfg = Release|Any CPU
		{873BDEFB-48B6-4260-AF31-B9E02B9F1901}.Release|x86.Build.0 = Release|Any CPU
		{16F12B4F-DAA5-4B7F-A0FB-A3A923B211E3}.Debug|Any CPU.ActiveCfg = Debug|Any CPU
		{16F12B4F-DAA5-4B7F-A0FB-A3A923B211E3}.Debug|Any CPU.Build.0 = Debug|Any CPU
		{16F12B4F-DAA5-4B7F-A0FB-A3A923B211E3}.Debug|x64.ActiveCfg = Debug|Any CPU
		{16F12B4F-DAA5-4B7F-A0FB-A3A923B211E3}.Debug|x64.Build.0 = Debug|Any CPU
		{16F12B4F-DAA5-4B7F-A0FB-A3A923B211E3}.Debug|x86.ActiveCfg = Debug|Any CPU
		{16F12B4F-DAA5-4B7F-A0FB-A3A923B211E3}.Debug|x86.Build.0 = Debug|Any CPU
		{16F12B4F-DAA5-4B7F-A0FB-A3A923B211E3}.Release|Any CPU.ActiveCfg = Release|Any CPU
		{16F12B4F-DAA5-4B7F-A0FB-A3A923B211E3}.Release|Any CPU.Build.0 = Release|Any CPU
		{16F12B4F-DAA5-4B7F-A0FB-A3A923B211E3}.Release|x64.ActiveCfg = Release|Any CPU
		{16F12B4F-DAA5-4B7F-A0FB-A3A923B211E3}.Release|x64.Build.0 = Release|Any CPU
		{16F12B4F-DAA5-4B7F-A0FB-A3A923B211E3}.Release|x86.ActiveCfg = Release|Any CPU
		{16F12B4F-DAA5-4B7F-A0FB-A3A923B211E3}.Release|x86.Build.0 = Release|Any CPU
	EndGlobalSection
	GlobalSection(SolutionProperties) = preSolution
		HideSolutionNode = FALSE
	EndGlobalSection
EndGlobal
